schema: '2.0'
stages:
  collect_data:
    cmd: python -m scripts.collect
    deps:
    - path: model_pipeline/data_collector.py
      hash: md5
      md5: 1adb54ee57b3fb1605fd68c1f5093171
      size: 3947
    - path: requirements.txt
      hash: md5
      md5: 281c7b6808ca34421df966670efed4e5
      size: 150
    - path: scripts/collect.py
      hash: md5
      md5: ad0fb601821feacd9fabab3ce9e775f0
      size: 281
    outs:
    - path: data/data.csv
      hash: md5
      md5: 19be7387acaaddfa66f5ca0c9fb223cd
      size: 4707540
    - path: data/zones.csv
      hash: md5
      md5: 3b5ed059f4ff23f0927b3373d4a67d9f
      size: 10467
  process_data:
    cmd: python -m scripts.process
    deps:
    - path: data/data.csv
      hash: md5
      md5: 19be7387acaaddfa66f5ca0c9fb223cd
      size: 4707540
    - path: data/zones.csv
      hash: md5
      md5: 3b5ed059f4ff23f0927b3373d4a67d9f
      size: 10467
    - path: model_pipeline/data_processor.py
      hash: md5
      md5: 8f893d31f56c4918c4d6a56b56b76fec
      size: 5121
    - path: requirements.txt
      hash: md5
      md5: 281c7b6808ca34421df966670efed4e5
      size: 150
    - path: scripts/process.py
      hash: md5
      md5: b7200b50e0b2d5a046685953bf438d57
      size: 396
    outs:
    - path: data/test.csv
      hash: md5
      md5: 64f4d18609a0c9003c4ce81c9fe5165b
      size: 465682
    - path: data/train.csv
      hash: md5
      md5: 5e703c558ac88cf05ed8c3db8ff136cc
      size: 2169878
    - path: data/val.csv
      hash: md5
      md5: 5d5b698e82acd74dcabb7dc215170b3e
      size: 466657
  train_model:
    cmd: python -m scripts.train
    deps:
    - path: data/train.csv
      hash: md5
      md5: 5e703c558ac88cf05ed8c3db8ff136cc
      size: 2169878
    - path: data/val.csv
      hash: md5
      md5: 5d5b698e82acd74dcabb7dc215170b3e
      size: 466657
    - path: model_pipeline/model_trainer.py
      hash: md5
      md5: 15edb67f7de03c93e504687aae04f7db
      size: 3904
    - path: requirements.txt
      hash: md5
      md5: 281c7b6808ca34421df966670efed4e5
      size: 150
    - path: scripts/train.py
      hash: md5
      md5: 168c70d1f88c12de4d894eebc803f477
      size: 334
    outs:
    - path: models/xgb.json
      hash: md5
      md5: 80f4608da711b967bf0d9c094419b910
      size: 20298
  evaluate_model:
    cmd: python -m scripts.evaluate
    deps:
    - path: data/test.csv
      hash: md5
      md5: 64f4d18609a0c9003c4ce81c9fe5165b
      size: 465682
    - path: model_pipeline/model_evaluator.py
      hash: md5
      md5: fd5b0f8d26707b90a29ec09350230ca3
      size: 2846
    - path: models/xgb.json
      hash: md5
      md5: 80f4608da711b967bf0d9c094419b910
      size: 20298
    - path: requirements.txt
      hash: md5
      md5: 281c7b6808ca34421df966670efed4e5
      size: 150
    - path: scripts/evaluate.py
      hash: md5
      md5: ecfa7f8d549adce9eaf7a33fda945f87
      size: 254
